{
  "pins" : [
    {
      "identity" : "xctruntimeassertions",
      "kind" : "remoteSourceControl",
      "location" : "https://github.com/StanfordBDHG/XCTRuntimeAssertions",
      "state" : {
        "revision" : "585ec9d1caa29bacc0d82eb70d4287401dfa452b",
        "version" : "0.2.0"
      }
    }
  ],
  "version" : 2
}
