{
  "pins" : [
    {
      "identity" : "xctestextensions",
      "kind" : "remoteSourceControl",
      "location" : "https://github.com/StanfordBDHG/XCTestExtensions",
      "state" : {
        "revision" : "3037f2e8ad1cd2e08a0dfbe5f0a4866445102150",
        "version" : "0.4.0"
      }
    },
    {
      "identity" : "xctruntimeassertions",
      "kind" : "remoteSourceControl",
      "location" : "https://github.com/StanfordBDHG/XCTRuntimeAssertions",
      "state" : {
        "revision" : "12273382b048e8c9673660373601cc0ad26624fe",
        "version" : "0.1.0"
      }
    }
  ],
  "version" : 2
}
