// !$*UTF8*$!
{
	archiveVersion = 1;
	classes = {
	};
	objectVersion = 56;
	objects = {

/* Begin PBXBuildFile section */
		2F1B82092942DE390037BC09 /* TestAppUITests.swift in Sources */ = {isa = PBXBuildFile; fileRef = 2F1B82082942DE390037BC09 /* TestAppUITests.swift */; };
		2F1B820F2942E54F0037BC09 /* XCTTestCase+HealthDataType.swift in Sources */ = {isa = PBXBuildFile; fileRef = 2F1B820E2942E54F0037BC09 /* XCTTestCase+HealthDataType.swift */; };
		2F2A354F291CCF74000E8373 /* TestAppHealthKitAdapter.swift in Sources */ = {isa = PBXBuildFile; fileRef = 2F2A354E291CCF74000E8373 /* TestAppHealthKitAdapter.swift */; };
		2F4530C4293FD704000A858F /* AccountTestsView.swift in Sources */ = {isa = PBXBuildFile; fileRef = 2F4530C3293FD704000A858F /* AccountTestsView.swift */; };
		2F4D91752948EA1A000E2D94 /* ContactsTestsView.swift in Sources */ = {isa = PBXBuildFile; fileRef = 2F4D91742948EA1A000E2D94 /* ContactsTestsView.swift */; };
		2F4D91772948EB33000E2D94 /* ContactsTests.swift in Sources */ = {isa = PBXBuildFile; fileRef = 2F4D91762948EB33000E2D94 /* ContactsTests.swift */; };
		2F4F0386294A66FB0062D4C7 /* Account in Frameworks */ = {isa = PBXBuildFile; productRef = 2F4F0385294A66FB0062D4C7 /* Account */; };
		2F4F0388294A66FB0062D4C7 /* CardinalKit in Frameworks */ = {isa = PBXBuildFile; productRef = 2F4F0387294A66FB0062D4C7 /* CardinalKit */; };
		2F4F038A294A66FB0062D4C7 /* Contact in Frameworks */ = {isa = PBXBuildFile; productRef = 2F4F0389294A66FB0062D4C7 /* Contact */; };
		2F4F038C294A66FB0062D4C7 /* FHIR in Frameworks */ = {isa = PBXBuildFile; productRef = 2F4F038B294A66FB0062D4C7 /* FHIR */; };
		2F4F038E294A66FB0062D4C7 /* HealthKitDataSource in Frameworks */ = {isa = PBXBuildFile; productRef = 2F4F038D294A66FB0062D4C7 /* HealthKitDataSource */; };
		2F4F0390294A66FB0062D4C7 /* LocalStorage in Frameworks */ = {isa = PBXBuildFile; productRef = 2F4F038F294A66FB0062D4C7 /* LocalStorage */; };
		2F4F0392294A66FB0062D4C7 /* Onboarding in Frameworks */ = {isa = PBXBuildFile; productRef = 2F4F0391294A66FB0062D4C7 /* Onboarding */; };
		2F4F0394294A66FB0062D4C7 /* SecureStorage in Frameworks */ = {isa = PBXBuildFile; productRef = 2F4F0393294A66FB0062D4C7 /* SecureStorage */; };
		2F4F0396294A66FB0062D4C7 /* XCTRuntimeAssertions in Frameworks */ = {isa = PBXBuildFile; productRef = 2F4F0395294A66FB0062D4C7 /* XCTRuntimeAssertions */; };
		2F4F0399294A8D410062D4C7 /* OnboardingTestsView.swift in Sources */ = {isa = PBXBuildFile; fileRef = 2F4F0398294A8D410062D4C7 /* OnboardingTestsView.swift */; };
		2F532EAA294CD87900A4061E /* Views in Frameworks */ = {isa = PBXBuildFile; productRef = 2F532EA9294CD87900A4061E /* Views */; };
		2F6D139A28F5F386007C25D6 /* Assets.xcassets in Resources */ = {isa = PBXBuildFile; fileRef = 2F6D139928F5F386007C25D6 /* Assets.xcassets */; };
		2F7B6CAB294BCA6600FDC494 /* CanvasTestView.swift in Sources */ = {isa = PBXBuildFile; fileRef = 2F7B6CAA294BCA6600FDC494 /* CanvasTestView.swift */; };
		2F7B6CAD294BCA6F00FDC494 /* GeometryReaderTestView.swift in Sources */ = {isa = PBXBuildFile; fileRef = 2F7B6CAC294BCA6F00FDC494 /* GeometryReaderTestView.swift */; };
		2F7B6CAF294BCA7600FDC494 /* NameFieldsTestView.swift in Sources */ = {isa = PBXBuildFile; fileRef = 2F7B6CAE294BCA7600FDC494 /* NameFieldsTestView.swift */; };
		2F7B6CB1294BCA7C00FDC494 /* MarkdownViewTestView.swift in Sources */ = {isa = PBXBuildFile; fileRef = 2F7B6CB0294BCA7C00FDC494 /* MarkdownViewTestView.swift */; };
		2F7B6CB3294BCA8200FDC494 /* ViewStateTestView.swift in Sources */ = {isa = PBXBuildFile; fileRef = 2F7B6CB2294BCA8200FDC494 /* ViewStateTestView.swift */; };
		2F817A4A294B152B00A39983 /* ViewsTestsView.swift in Sources */ = {isa = PBXBuildFile; fileRef = 2F817A49294B152B00A39983 /* ViewsTestsView.swift */; };
		2F817A4C294B16A000A39983 /* ViewsTests.swift in Sources */ = {isa = PBXBuildFile; fileRef = 2F817A4B294B16A000A39983 /* ViewsTests.swift */; };
		2F87F9F12953EEB400810247 /* GoogleService-Info.plist in Resources */ = {isa = PBXBuildFile; fileRef = 2F87F9F02953EEB400810247 /* GoogleService-Info.plist */; };
		2F8A431529130B9B005D2B8F /* TestAppView.swift in Sources */ = {isa = PBXBuildFile; fileRef = 2F8A431429130B9B005D2B8F /* TestAppView.swift */; };
		2F8A431729130BBC005D2B8F /* TestAppStandard.swift in Sources */ = {isa = PBXBuildFile; fileRef = 2F8A431629130BBC005D2B8F /* TestAppStandard.swift */; };
		2F8A431929130CA7005D2B8F /* TestAppTestCase.swift in Sources */ = {isa = PBXBuildFile; fileRef = 2F8A431829130CA7005D2B8F /* TestAppTestCase.swift */; };
		2F8A431B29130EF0005D2B8F /* ObservableObjectTests.swift in Sources */ = {isa = PBXBuildFile; fileRef = 2F8A431A29130EF0005D2B8F /* ObservableObjectTests.swift */; };
		2F8A432029131704005D2B8F /* SecureStorageTestsView.swift in Sources */ = {isa = PBXBuildFile; fileRef = 2F8A431F29131704005D2B8F /* SecureStorageTestsView.swift */; };
		2F8A43222913172E005D2B8F /* ObservableComponentTestsComponent.swift in Sources */ = {isa = PBXBuildFile; fileRef = 2F8A43212913172E005D2B8F /* ObservableComponentTestsComponent.swift */; };
		2F8A43242913174B005D2B8F /* ObservableObjectTestsView.swift in Sources */ = {isa = PBXBuildFile; fileRef = 2F8A43232913174B005D2B8F /* ObservableObjectTestsView.swift */; };
		2F8A4326291317AA005D2B8F /* LocalStorageTestsView.swift in Sources */ = {isa = PBXBuildFile; fileRef = 2F8A4325291317AA005D2B8F /* LocalStorageTestsView.swift */; };
		2F8CC7D8294D2B6A00358B7E /* Scheduler in Frameworks */ = {isa = PBXBuildFile; productRef = 2F8CC7D7294D2B6A00358B7E /* Scheduler */; };
		2F9F07E2290906A200CDC598 /* SecureStorageTests.swift in Sources */ = {isa = PBXBuildFile; fileRef = 2F9F07E1290906A200CDC598 /* SecureStorageTests.swift */; };
		2F9F07E5290906E200CDC598 /* SecureStorageTests.swift in Sources */ = {isa = PBXBuildFile; fileRef = 2F9F07E4290906E200CDC598 /* SecureStorageTests.swift */; };
		2F9F07E7290907C600CDC598 /* XCTest.swift in Sources */ = {isa = PBXBuildFile; fileRef = 2F9F07E6290907C600CDC598 /* XCTest.swift */; };
		2F9F07F129090B0500CDC598 /* TestAppDelegate.swift in Sources */ = {isa = PBXBuildFile; fileRef = 2F9F07F029090B0500CDC598 /* TestAppDelegate.swift */; };
		2F9F07F529090BA900CDC598 /* ObservableObjectComponentTests.swift in Sources */ = {isa = PBXBuildFile; fileRef = 2F9F07F429090BA900CDC598 /* ObservableObjectComponentTests.swift */; };
		2FA04AD72943165200648A48 /* AccountResetPasswordTests.swift in Sources */ = {isa = PBXBuildFile; fileRef = 2FA04AD62943165200648A48 /* AccountResetPasswordTests.swift */; };
		2FA7382C290ADFAA007ACEB9 /* TestApp.swift in Sources */ = {isa = PBXBuildFile; fileRef = 2FA7382B290ADFAA007ACEB9 /* TestApp.swift */; };
		2FB77BA12910EF4A009FDDE2 /* LocalStorageTests.swift in Sources */ = {isa = PBXBuildFile; fileRef = 2FB77BA02910EF4A009FDDE2 /* LocalStorageTests.swift */; };
		2FB77BA52910F84D009FDDE2 /* LocalStorageTests.swift in Sources */ = {isa = PBXBuildFile; fileRef = 2FB77BA42910F84D009FDDE2 /* LocalStorageTests.swift */; };
		2FC246C82941376600F75383 /* MultipleObservableObjectsTestsComponent.swift in Sources */ = {isa = PBXBuildFile; fileRef = 2FC246C72941376600F75383 /* MultipleObservableObjectsTestsComponent.swift */; };
		2FC246CA29414FF200F75383 /* MockEmailPasswordAccountService.swift in Sources */ = {isa = PBXBuildFile; fileRef = 2FC246C929414FF200F75383 /* MockEmailPasswordAccountService.swift */; };
		2FC246CC29414FFA00F75383 /* MockUsernamePasswordAccountService.swift in Sources */ = {isa = PBXBuildFile; fileRef = 2FC246CB29414FFA00F75383 /* MockUsernamePasswordAccountService.swift */; };
		2FC246CE2941500100F75383 /* MockAccountServiceError.swift in Sources */ = {isa = PBXBuildFile; fileRef = 2FC246CD2941500100F75383 /* MockAccountServiceError.swift */; };
		2FC246D02941500800F75383 /* TestAccountConfiguration.swift in Sources */ = {isa = PBXBuildFile; fileRef = 2FC246CF2941500800F75383 /* TestAccountConfiguration.swift */; };
		2FC246D22941500F00F75383 /* User.swift in Sources */ = {isa = PBXBuildFile; fileRef = 2FC246D12941500F00F75383 /* User.swift */; };
		2FC246D4294171EE00F75383 /* AccountLoginTests.swift in Sources */ = {isa = PBXBuildFile; fileRef = 2FC246D3294171EE00F75383 /* AccountLoginTests.swift */; };
		2FC246D62941720600F75383 /* AccountSignUpTests.swift in Sources */ = {isa = PBXBuildFile; fileRef = 2FC246D52941720600F75383 /* AccountSignUpTests.swift */; };
		2FC2C406291D84A600712676 /* HealthKitTestsView.swift in Sources */ = {isa = PBXBuildFile; fileRef = 2FC2C405291D84A600712676 /* HealthKitTestsView.swift */; };
		2FC2C408291DCC8200712676 /* HealthKitTests.swift in Sources */ = {isa = PBXBuildFile; fileRef = 2FC2C407291DCC8200712676 /* HealthKitTests.swift */; };
		2FD6390C294B0A4B008BADFC /* OnboardingTests.swift in Sources */ = {isa = PBXBuildFile; fileRef = 2FD6390B294B0A4B008BADFC /* OnboardingTests.swift */; };
		2FE122B2294247480016B162 /* XCUIApplication+TextEntry.swift in Sources */ = {isa = PBXBuildFile; fileRef = 2FE122B1294247480016B162 /* XCUIApplication+TextEntry.swift */; };
		2FE62C3D2966074F00FCBE7F /* FirebaseDataStorageTests.swift in Sources */ = {isa = PBXBuildFile; fileRef = 2FE62C3C2966074F00FCBE7F /* FirebaseDataStorageTests.swift */; };
		2FF5BB8B295430770093F0AB /* FirebaseDataStorage in Frameworks */ = {isa = PBXBuildFile; productRef = 2FF5BB8A295430770093F0AB /* FirebaseDataStorage */; };
/* End PBXBuildFile section */

/* Begin PBXContainerItemProxy section */
		2F6D13AD28F5F386007C25D6 /* PBXContainerItemProxy */ = {
			isa = PBXContainerItemProxy;
			containerPortal = 2F6D138A28F5F384007C25D6 /* Project object */;
			proxyType = 1;
			remoteGlobalIDString = 2F6D139128F5F384007C25D6;
			remoteInfo = Example;
		};
/* End PBXContainerItemProxy section */

/* Begin PBXFileReference section */
		2F01E8CD291490B80089C46B /* TestApp.entitlements */ = {isa = PBXFileReference; lastKnownFileType = text.plist.entitlements; path = TestApp.entitlements; sourceTree = "<group>"; };
		2F01E8CE291493560089C46B /* Info.plist */ = {isa = PBXFileReference; lastKnownFileType = text.plist; path = Info.plist; sourceTree = "<group>"; };
		2F1B82082942DE390037BC09 /* TestAppUITests.swift */ = {isa = PBXFileReference; fileEncoding = 4; lastKnownFileType = sourcecode.swift; path = TestAppUITests.swift; sourceTree = "<group>"; };
		2F1B820E2942E54F0037BC09 /* XCTTestCase+HealthDataType.swift */ = {isa = PBXFileReference; fileEncoding = 4; lastKnownFileType = sourcecode.swift; path = "XCTTestCase+HealthDataType.swift"; sourceTree = "<group>"; };
		2F2A354E291CCF74000E8373 /* TestAppHealthKitAdapter.swift */ = {isa = PBXFileReference; lastKnownFileType = sourcecode.swift; path = TestAppHealthKitAdapter.swift; sourceTree = "<group>"; };
		2F4530C3293FD704000A858F /* AccountTestsView.swift */ = {isa = PBXFileReference; lastKnownFileType = sourcecode.swift; path = AccountTestsView.swift; sourceTree = "<group>"; };
		2F4D91742948EA1A000E2D94 /* ContactsTestsView.swift */ = {isa = PBXFileReference; lastKnownFileType = sourcecode.swift; path = ContactsTestsView.swift; sourceTree = "<group>"; };
		2F4D91762948EB33000E2D94 /* ContactsTests.swift */ = {isa = PBXFileReference; lastKnownFileType = sourcecode.swift; path = ContactsTests.swift; sourceTree = "<group>"; };
		2F4F0398294A8D410062D4C7 /* OnboardingTestsView.swift */ = {isa = PBXFileReference; lastKnownFileType = sourcecode.swift; path = OnboardingTestsView.swift; sourceTree = "<group>"; };
		2F6D139228F5F384007C25D6 /* TestApp.app */ = {isa = PBXFileReference; explicitFileType = wrapper.application; includeInIndex = 0; path = TestApp.app; sourceTree = BUILT_PRODUCTS_DIR; };
		2F6D139928F5F386007C25D6 /* Assets.xcassets */ = {isa = PBXFileReference; lastKnownFileType = folder.assetcatalog; path = Assets.xcassets; sourceTree = "<group>"; };
		2F6D13AC28F5F386007C25D6 /* TestAppUITests.xctest */ = {isa = PBXFileReference; explicitFileType = wrapper.cfbundle; includeInIndex = 0; path = TestAppUITests.xctest; sourceTree = BUILT_PRODUCTS_DIR; };
		2F7B6CAA294BCA6600FDC494 /* CanvasTestView.swift */ = {isa = PBXFileReference; lastKnownFileType = sourcecode.swift; path = CanvasTestView.swift; sourceTree = "<group>"; };
		2F7B6CAC294BCA6F00FDC494 /* GeometryReaderTestView.swift */ = {isa = PBXFileReference; lastKnownFileType = sourcecode.swift; path = GeometryReaderTestView.swift; sourceTree = "<group>"; };
		2F7B6CAE294BCA7600FDC494 /* NameFieldsTestView.swift */ = {isa = PBXFileReference; lastKnownFileType = sourcecode.swift; path = NameFieldsTestView.swift; sourceTree = "<group>"; };
		2F7B6CB0294BCA7C00FDC494 /* MarkdownViewTestView.swift */ = {isa = PBXFileReference; lastKnownFileType = sourcecode.swift; path = MarkdownViewTestView.swift; sourceTree = "<group>"; };
		2F7B6CB2294BCA8200FDC494 /* ViewStateTestView.swift */ = {isa = PBXFileReference; lastKnownFileType = sourcecode.swift; path = ViewStateTestView.swift; sourceTree = "<group>"; };
		2F7B6CB4294C03C800FDC494 /* TestApp.xctestplan */ = {isa = PBXFileReference; lastKnownFileType = text; name = TestApp.xctestplan; path = UITests.xcodeproj/TestApp.xctestplan; sourceTree = "<group>"; };
		2F817A49294B152B00A39983 /* ViewsTestsView.swift */ = {isa = PBXFileReference; lastKnownFileType = sourcecode.swift; path = ViewsTestsView.swift; sourceTree = "<group>"; };
		2F817A4B294B16A000A39983 /* ViewsTests.swift */ = {isa = PBXFileReference; lastKnownFileType = sourcecode.swift; path = ViewsTests.swift; sourceTree = "<group>"; };
		2F87F9F02953EEB400810247 /* GoogleService-Info.plist */ = {isa = PBXFileReference; fileEncoding = 4; lastKnownFileType = text.plist.xml; path = "GoogleService-Info.plist"; sourceTree = "<group>"; };
		2F8A431429130B9B005D2B8F /* TestAppView.swift */ = {isa = PBXFileReference; lastKnownFileType = sourcecode.swift; path = TestAppView.swift; sourceTree = "<group>"; };
		2F8A431629130BBC005D2B8F /* TestAppStandard.swift */ = {isa = PBXFileReference; fileEncoding = 4; lastKnownFileType = sourcecode.swift; path = TestAppStandard.swift; sourceTree = "<group>"; };
		2F8A431829130CA7005D2B8F /* TestAppTestCase.swift */ = {isa = PBXFileReference; lastKnownFileType = sourcecode.swift; path = TestAppTestCase.swift; sourceTree = "<group>"; };
		2F8A431A29130EF0005D2B8F /* ObservableObjectTests.swift */ = {isa = PBXFileReference; lastKnownFileType = sourcecode.swift; path = ObservableObjectTests.swift; sourceTree = "<group>"; };
		2F8A431F29131704005D2B8F /* SecureStorageTestsView.swift */ = {isa = PBXFileReference; lastKnownFileType = sourcecode.swift; path = SecureStorageTestsView.swift; sourceTree = "<group>"; };
		2F8A43212913172E005D2B8F /* ObservableComponentTestsComponent.swift */ = {isa = PBXFileReference; lastKnownFileType = sourcecode.swift; path = ObservableComponentTestsComponent.swift; sourceTree = "<group>"; };
		2F8A43232913174B005D2B8F /* ObservableObjectTestsView.swift */ = {isa = PBXFileReference; lastKnownFileType = sourcecode.swift; path = ObservableObjectTestsView.swift; sourceTree = "<group>"; };
		2F8A4325291317AA005D2B8F /* LocalStorageTestsView.swift */ = {isa = PBXFileReference; lastKnownFileType = sourcecode.swift; path = LocalStorageTestsView.swift; sourceTree = "<group>"; };
		2F9F07E1290906A200CDC598 /* SecureStorageTests.swift */ = {isa = PBXFileReference; lastKnownFileType = sourcecode.swift; path = SecureStorageTests.swift; sourceTree = "<group>"; };
		2F9F07E4290906E200CDC598 /* SecureStorageTests.swift */ = {isa = PBXFileReference; fileEncoding = 4; lastKnownFileType = sourcecode.swift; path = SecureStorageTests.swift; sourceTree = "<group>"; };
		2F9F07E6290907C600CDC598 /* XCTest.swift */ = {isa = PBXFileReference; lastKnownFileType = sourcecode.swift; path = XCTest.swift; sourceTree = "<group>"; };
		2F9F07F029090B0500CDC598 /* TestAppDelegate.swift */ = {isa = PBXFileReference; lastKnownFileType = sourcecode.swift; path = TestAppDelegate.swift; sourceTree = "<group>"; };
		2F9F07F429090BA900CDC598 /* ObservableObjectComponentTests.swift */ = {isa = PBXFileReference; fileEncoding = 4; lastKnownFileType = sourcecode.swift; path = ObservableObjectComponentTests.swift; sourceTree = "<group>"; };
		2FA04AD62943165200648A48 /* AccountResetPasswordTests.swift */ = {isa = PBXFileReference; lastKnownFileType = sourcecode.swift; path = AccountResetPasswordTests.swift; sourceTree = "<group>"; };
		2FA7382B290ADFAA007ACEB9 /* TestApp.swift */ = {isa = PBXFileReference; fileEncoding = 4; lastKnownFileType = sourcecode.swift; path = TestApp.swift; sourceTree = "<group>"; };
		2FB77BA02910EF4A009FDDE2 /* LocalStorageTests.swift */ = {isa = PBXFileReference; lastKnownFileType = sourcecode.swift; path = LocalStorageTests.swift; sourceTree = "<group>"; };
		2FB77BA42910F84D009FDDE2 /* LocalStorageTests.swift */ = {isa = PBXFileReference; lastKnownFileType = sourcecode.swift; path = LocalStorageTests.swift; sourceTree = "<group>"; };
		2FC246C72941376600F75383 /* MultipleObservableObjectsTestsComponent.swift */ = {isa = PBXFileReference; lastKnownFileType = sourcecode.swift; path = MultipleObservableObjectsTestsComponent.swift; sourceTree = "<group>"; };
		2FC246C929414FF200F75383 /* MockEmailPasswordAccountService.swift */ = {isa = PBXFileReference; lastKnownFileType = sourcecode.swift; path = MockEmailPasswordAccountService.swift; sourceTree = "<group>"; };
		2FC246CB29414FFA00F75383 /* MockUsernamePasswordAccountService.swift */ = {isa = PBXFileReference; lastKnownFileType = sourcecode.swift; path = MockUsernamePasswordAccountService.swift; sourceTree = "<group>"; };
		2FC246CD2941500100F75383 /* MockAccountServiceError.swift */ = {isa = PBXFileReference; lastKnownFileType = sourcecode.swift; path = MockAccountServiceError.swift; sourceTree = "<group>"; };
		2FC246CF2941500800F75383 /* TestAccountConfiguration.swift */ = {isa = PBXFileReference; lastKnownFileType = sourcecode.swift; path = TestAccountConfiguration.swift; sourceTree = "<group>"; };
		2FC246D12941500F00F75383 /* User.swift */ = {isa = PBXFileReference; lastKnownFileType = sourcecode.swift; path = User.swift; sourceTree = "<group>"; };
		2FC246D3294171EE00F75383 /* AccountLoginTests.swift */ = {isa = PBXFileReference; fileEncoding = 4; lastKnownFileType = sourcecode.swift; path = AccountLoginTests.swift; sourceTree = "<group>"; };
		2FC246D52941720600F75383 /* AccountSignUpTests.swift */ = {isa = PBXFileReference; lastKnownFileType = sourcecode.swift; path = AccountSignUpTests.swift; sourceTree = "<group>"; };
		2FC2C405291D84A600712676 /* HealthKitTestsView.swift */ = {isa = PBXFileReference; lastKnownFileType = sourcecode.swift; path = HealthKitTestsView.swift; sourceTree = "<group>"; };
		2FC2C407291DCC8200712676 /* HealthKitTests.swift */ = {isa = PBXFileReference; lastKnownFileType = sourcecode.swift; path = HealthKitTests.swift; sourceTree = "<group>"; };
		2FC42FD7290ADD5E00B08F18 /* CardinalKitSPM */ = {isa = PBXFileReference; lastKnownFileType = wrapper; name = CardinalKitSPM; path = ../..; sourceTree = "<group>"; };
		2FD6390B294B0A4B008BADFC /* OnboardingTests.swift */ = {isa = PBXFileReference; lastKnownFileType = sourcecode.swift; path = OnboardingTests.swift; sourceTree = "<group>"; };
		2FE122B1294247480016B162 /* XCUIApplication+TextEntry.swift */ = {isa = PBXFileReference; lastKnownFileType = sourcecode.swift; path = "XCUIApplication+TextEntry.swift"; sourceTree = "<group>"; };
		2FE62C3C2966074F00FCBE7F /* FirebaseDataStorageTests.swift */ = {isa = PBXFileReference; lastKnownFileType = sourcecode.swift; path = FirebaseDataStorageTests.swift; sourceTree = "<group>"; };
/* End PBXFileReference section */

/* Begin PBXFrameworksBuildPhase section */
		2F6D138F28F5F384007C25D6 /* Frameworks */ = {
			isa = PBXFrameworksBuildPhase;
			buildActionMask = 2147483647;
			files = (
				2F4F0390294A66FB0062D4C7 /* LocalStorage in Frameworks */,
				2F4F0394294A66FB0062D4C7 /* SecureStorage in Frameworks */,
				2F8CC7D8294D2B6A00358B7E /* Scheduler in Frameworks */,
				2F4F038A294A66FB0062D4C7 /* Contact in Frameworks */,
				2F4F038C294A66FB0062D4C7 /* FHIR in Frameworks */,
				2F4F038E294A66FB0062D4C7 /* HealthKitDataSource in Frameworks */,
				2F4F0392294A66FB0062D4C7 /* Onboarding in Frameworks */,
				2F4F0386294A66FB0062D4C7 /* Account in Frameworks */,
				2F4F0396294A66FB0062D4C7 /* XCTRuntimeAssertions in Frameworks */,
				2F4F0388294A66FB0062D4C7 /* CardinalKit in Frameworks */,
				2F532EAA294CD87900A4061E /* Views in Frameworks */,
				2FF5BB8B295430770093F0AB /* FirebaseDataStorage in Frameworks */,
			);
			runOnlyForDeploymentPostprocessing = 0;
		};
		2F6D13A928F5F386007C25D6 /* Frameworks */ = {
			isa = PBXFrameworksBuildPhase;
			buildActionMask = 2147483647;
			files = (
			);
			runOnlyForDeploymentPostprocessing = 0;
		};
/* End PBXFrameworksBuildPhase section */

/* Begin PBXGroup section */
		2F4530C0293FD617000A858F /* AccountTests */ = {
			isa = PBXGroup;
			children = (
				2F4530C3293FD704000A858F /* AccountTestsView.swift */,
				2FC246C929414FF200F75383 /* MockEmailPasswordAccountService.swift */,
				2FC246CB29414FFA00F75383 /* MockUsernamePasswordAccountService.swift */,
				2FC246CD2941500100F75383 /* MockAccountServiceError.swift */,
				2FC246CF2941500800F75383 /* TestAccountConfiguration.swift */,
				2FC246D12941500F00F75383 /* User.swift */,
			);
			path = AccountTests;
			sourceTree = "<group>";
		};
		2F4D91732948E9F1000E2D94 /* ContactsTests */ = {
			isa = PBXGroup;
			children = (
				2F4D91742948EA1A000E2D94 /* ContactsTestsView.swift */,
			);
			path = ContactsTests;
			sourceTree = "<group>";
		};
		2F4F0397294A8D280062D4C7 /* OnboardingTests */ = {
			isa = PBXGroup;
			children = (
				2F4F0398294A8D410062D4C7 /* OnboardingTestsView.swift */,
			);
			path = OnboardingTests;
			sourceTree = "<group>";
		};
		2F6D138928F5F384007C25D6 = {
			isa = PBXGroup;
			children = (
				2F7B6CB4294C03C800FDC494 /* TestApp.xctestplan */,
				2FC42FD7290ADD5E00B08F18 /* CardinalKitSPM */,
				2F6D139428F5F384007C25D6 /* TestApp */,
				2F6D13AF28F5F386007C25D6 /* TestAppUITests */,
				2F6D139328F5F384007C25D6 /* Products */,
				2F6D13C228F5F3BE007C25D6 /* Frameworks */,
			);
			sourceTree = "<group>";
		};
		2F6D139328F5F384007C25D6 /* Products */ = {
			isa = PBXGroup;
			children = (
				2F6D139228F5F384007C25D6 /* TestApp.app */,
				2F6D13AC28F5F386007C25D6 /* TestAppUITests.xctest */,
			);
			name = Products;
			sourceTree = "<group>";
		};
		2F6D139428F5F384007C25D6 /* TestApp */ = {
			isa = PBXGroup;
			children = (
				2FA7382B290ADFAA007ACEB9 /* TestApp.swift */,
				2F4530C0293FD617000A858F /* AccountTests */,
				2F4D91732948E9F1000E2D94 /* ContactsTests */,
				2FE62C3B2966071400FCBE7F /* FirebaseDataStorageTests */,
				2FC2C404291D848600712676 /* HealthKitTests */,
				2F8A431C291316C8005D2B8F /* LocalStorageTests */,
				2F4F0397294A8D280062D4C7 /* OnboardingTests */,
				2F8A431D291316CD005D2B8F /* ObservableObjectTests */,
				2F8A431E291316D2005D2B8F /* SecureStorageTests */,
				2F817A48294B150E00A39983 /* ViewsTests */,
				2F9F07ED29090AF500CDC598 /* Shared */,
				2F6D139928F5F386007C25D6 /* Assets.xcassets */,
				2F01E8CE291493560089C46B /* Info.plist */,
				2F87F9F02953EEB400810247 /* GoogleService-Info.plist */,
				2F01E8CD291490B80089C46B /* TestApp.entitlements */,
			);
			path = TestApp;
			sourceTree = "<group>";
		};
		2F6D13AF28F5F386007C25D6 /* TestAppUITests */ = {
			isa = PBXGroup;
			children = (
				2FE122AE294246D40016B162 /* Helper */,
				2FC246D3294171EE00F75383 /* AccountLoginTests.swift */,
				2FA04AD62943165200648A48 /* AccountResetPasswordTests.swift */,
				2FC246D52941720600F75383 /* AccountSignUpTests.swift */,
				2F4D91762948EB33000E2D94 /* ContactsTests.swift */,
				2FC2C407291DCC8200712676 /* HealthKitTests.swift */,
				2FB77BA42910F84D009FDDE2 /* LocalStorageTests.swift */,
				2F9F07F429090BA900CDC598 /* ObservableObjectComponentTests.swift */,
				2FD6390B294B0A4B008BADFC /* OnboardingTests.swift */,
				2F9F07E1290906A200CDC598 /* SecureStorageTests.swift */,
				2F817A4B294B16A000A39983 /* ViewsTests.swift */,
			);
			path = TestAppUITests;
			sourceTree = "<group>";
		};
		2F6D13C228F5F3BE007C25D6 /* Frameworks */ = {
			isa = PBXGroup;
			children = (
			);
			name = Frameworks;
			sourceTree = "<group>";
		};
		2F817A48294B150E00A39983 /* ViewsTests */ = {
			isa = PBXGroup;
			children = (
				2F817A49294B152B00A39983 /* ViewsTestsView.swift */,
				2F7B6CAA294BCA6600FDC494 /* CanvasTestView.swift */,
				2F7B6CAC294BCA6F00FDC494 /* GeometryReaderTestView.swift */,
				2F7B6CAE294BCA7600FDC494 /* NameFieldsTestView.swift */,
				2F7B6CB0294BCA7C00FDC494 /* MarkdownViewTestView.swift */,
				2F7B6CB2294BCA8200FDC494 /* ViewStateTestView.swift */,
			);
			path = ViewsTests;
			sourceTree = "<group>";
		};
		2F8A431C291316C8005D2B8F /* LocalStorageTests */ = {
			isa = PBXGroup;
			children = (
				2FB77BA02910EF4A009FDDE2 /* LocalStorageTests.swift */,
				2F8A4325291317AA005D2B8F /* LocalStorageTestsView.swift */,
			);
			path = LocalStorageTests;
			sourceTree = "<group>";
		};
		2F8A431D291316CD005D2B8F /* ObservableObjectTests */ = {
			isa = PBXGroup;
			children = (
				2F8A431A29130EF0005D2B8F /* ObservableObjectTests.swift */,
				2F8A43212913172E005D2B8F /* ObservableComponentTestsComponent.swift */,
				2FC246C72941376600F75383 /* MultipleObservableObjectsTestsComponent.swift */,
				2F8A43232913174B005D2B8F /* ObservableObjectTestsView.swift */,
			);
			path = ObservableObjectTests;
			sourceTree = "<group>";
		};
		2F8A431E291316D2005D2B8F /* SecureStorageTests */ = {
			isa = PBXGroup;
			children = (
				2F9F07E4290906E200CDC598 /* SecureStorageTests.swift */,
				2F8A431F29131704005D2B8F /* SecureStorageTestsView.swift */,
			);
			path = SecureStorageTests;
			sourceTree = "<group>";
		};
		2F9F07ED29090AF500CDC598 /* Shared */ = {
			isa = PBXGroup;
			children = (
				2F9F07E6290907C600CDC598 /* XCTest.swift */,
				2F8A431629130BBC005D2B8F /* TestAppStandard.swift */,
				2F2A354E291CCF74000E8373 /* TestAppHealthKitAdapter.swift */,
				2F9F07F029090B0500CDC598 /* TestAppDelegate.swift */,
				2F8A431429130B9B005D2B8F /* TestAppView.swift */,
				2F8A431829130CA7005D2B8F /* TestAppTestCase.swift */,
			);
			path = Shared;
			sourceTree = "<group>";
		};
		2FC2C404291D848600712676 /* HealthKitTests */ = {
			isa = PBXGroup;
			children = (
				2FC2C405291D84A600712676 /* HealthKitTestsView.swift */,
			);
			path = HealthKitTests;
			sourceTree = "<group>";
		};
		2FE122AE294246D40016B162 /* Helper */ = {
			isa = PBXGroup;
			children = (
				2F1B82082942DE390037BC09 /* TestAppUITests.swift */,
				2F1B820E2942E54F0037BC09 /* XCTTestCase+HealthDataType.swift */,
				2FE122B1294247480016B162 /* XCUIApplication+TextEntry.swift */,
			);
			path = Helper;
			sourceTree = "<group>";
		};
		2FE62C3B2966071400FCBE7F /* FirebaseDataStorageTests */ = {
			isa = PBXGroup;
			children = (
				2FE62C3C2966074F00FCBE7F /* FirebaseDataStorageTests.swift */,
			);
			path = FirebaseDataStorageTests;
			sourceTree = "<group>";
		};
/* End PBXGroup section */

/* Begin PBXNativeTarget section */
		2F6D139128F5F384007C25D6 /* TestApp */ = {
			isa = PBXNativeTarget;
			buildConfigurationList = 2F6D13B628F5F386007C25D6 /* Build configuration list for PBXNativeTarget "TestApp" */;
			buildPhases = (
				2F6D138E28F5F384007C25D6 /* Sources */,
				2F6D138F28F5F384007C25D6 /* Frameworks */,
				2F6D139028F5F384007C25D6 /* Resources */,
			);
			buildRules = (
			);
			dependencies = (
			);
			name = TestApp;
			packageProductDependencies = (
				2F4F0385294A66FB0062D4C7 /* Account */,
				2F4F0387294A66FB0062D4C7 /* CardinalKit */,
				2F4F0389294A66FB0062D4C7 /* Contact */,
				2F4F038B294A66FB0062D4C7 /* FHIR */,
				2F4F038D294A66FB0062D4C7 /* HealthKitDataSource */,
				2F4F038F294A66FB0062D4C7 /* LocalStorage */,
				2F4F0391294A66FB0062D4C7 /* Onboarding */,
				2F4F0393294A66FB0062D4C7 /* SecureStorage */,
				2F4F0395294A66FB0062D4C7 /* XCTRuntimeAssertions */,
				2F532EA9294CD87900A4061E /* Views */,
				2F8CC7D7294D2B6A00358B7E /* Scheduler */,
				2FF5BB8A295430770093F0AB /* FirebaseDataStorage */,
			);
			productName = Example;
			productReference = 2F6D139228F5F384007C25D6 /* TestApp.app */;
			productType = "com.apple.product-type.application";
		};
		2F6D13AB28F5F386007C25D6 /* TestAppUITests */ = {
			isa = PBXNativeTarget;
			buildConfigurationList = 2F6D13BC28F5F386007C25D6 /* Build configuration list for PBXNativeTarget "TestAppUITests" */;
			buildPhases = (
				2F6D13A828F5F386007C25D6 /* Sources */,
				2F6D13A928F5F386007C25D6 /* Frameworks */,
				2F6D13AA28F5F386007C25D6 /* Resources */,
			);
			buildRules = (
			);
			dependencies = (
				2F6D13AE28F5F386007C25D6 /* PBXTargetDependency */,
			);
			name = TestAppUITests;
			productName = ExampleUITests;
			productReference = 2F6D13AC28F5F386007C25D6 /* TestAppUITests.xctest */;
			productType = "com.apple.product-type.bundle.ui-testing";
		};
/* End PBXNativeTarget section */

/* Begin PBXProject section */
		2F6D138A28F5F384007C25D6 /* Project object */ = {
			isa = PBXProject;
			attributes = {
				BuildIndependentTargetsInParallel = 1;
				LastSwiftUpdateCheck = 1410;
				LastUpgradeCheck = 1410;
				TargetAttributes = {
					2F6D139128F5F384007C25D6 = {
						CreatedOnToolsVersion = 14.1;
					};
					2F6D13AB28F5F386007C25D6 = {
						CreatedOnToolsVersion = 14.1;
						TestTargetID = 2F6D139128F5F384007C25D6;
					};
				};
			};
			buildConfigurationList = 2F6D138D28F5F384007C25D6 /* Build configuration list for PBXProject "UITests" */;
			compatibilityVersion = "Xcode 14.0";
			developmentRegion = en;
			hasScannedForEncodings = 0;
			knownRegions = (
				en,
				Base,
			);
			mainGroup = 2F6D138928F5F384007C25D6;
			productRefGroup = 2F6D139328F5F384007C25D6 /* Products */;
			projectDirPath = "";
			projectRoot = "";
			targets = (
				2F6D139128F5F384007C25D6 /* TestApp */,
				2F6D13AB28F5F386007C25D6 /* TestAppUITests */,
			);
		};
/* End PBXProject section */

/* Begin PBXResourcesBuildPhase section */
		2F6D139028F5F384007C25D6 /* Resources */ = {
			isa = PBXResourcesBuildPhase;
			buildActionMask = 2147483647;
			files = (
				2F6D139A28F5F386007C25D6 /* Assets.xcassets in Resources */,
				2F87F9F12953EEB400810247 /* GoogleService-Info.plist in Resources */,
			);
			runOnlyForDeploymentPostprocessing = 0;
		};
		2F6D13AA28F5F386007C25D6 /* Resources */ = {
			isa = PBXResourcesBuildPhase;
			buildActionMask = 2147483647;
			files = (
			);
			runOnlyForDeploymentPostprocessing = 0;
		};
/* End PBXResourcesBuildPhase section */

/* Begin PBXSourcesBuildPhase section */
		2F6D138E28F5F384007C25D6 /* Sources */ = {
			isa = PBXSourcesBuildPhase;
			buildActionMask = 2147483647;
			files = (
				2F8A431929130CA7005D2B8F /* TestAppTestCase.swift in Sources */,
				2F8A431529130B9B005D2B8F /* TestAppView.swift in Sources */,
				2F8A43222913172E005D2B8F /* ObservableComponentTestsComponent.swift in Sources */,
				2FC246C82941376600F75383 /* MultipleObservableObjectsTestsComponent.swift in Sources */,
				2F7B6CAD294BCA6F00FDC494 /* GeometryReaderTestView.swift in Sources */,
				2F7B6CB3294BCA8200FDC494 /* ViewStateTestView.swift in Sources */,
				2FA7382C290ADFAA007ACEB9 /* TestApp.swift in Sources */,
				2FE62C3D2966074F00FCBE7F /* FirebaseDataStorageTests.swift in Sources */,
				2F7B6CAF294BCA7600FDC494 /* NameFieldsTestView.swift in Sources */,
				2F4F0399294A8D410062D4C7 /* OnboardingTestsView.swift in Sources */,
				2FC246D02941500800F75383 /* TestAccountConfiguration.swift in Sources */,
				2F8A4326291317AA005D2B8F /* LocalStorageTestsView.swift in Sources */,
				2F817A4A294B152B00A39983 /* ViewsTestsView.swift in Sources */,
				2F8A43242913174B005D2B8F /* ObservableObjectTestsView.swift in Sources */,
				2F7B6CB1294BCA7C00FDC494 /* MarkdownViewTestView.swift in Sources */,
				2F4D91752948EA1A000E2D94 /* ContactsTestsView.swift in Sources */,
				2F8A431B29130EF0005D2B8F /* ObservableObjectTests.swift in Sources */,
				2F8A431729130BBC005D2B8F /* TestAppStandard.swift in Sources */,
				2FC246D22941500F00F75383 /* User.swift in Sources */,
				2F9F07F129090B0500CDC598 /* TestAppDelegate.swift in Sources */,
				2FB77BA12910EF4A009FDDE2 /* LocalStorageTests.swift in Sources */,
				2F7B6CAB294BCA6600FDC494 /* CanvasTestView.swift in Sources */,
				2FC246CA29414FF200F75383 /* MockEmailPasswordAccountService.swift in Sources */,
				2F8A432029131704005D2B8F /* SecureStorageTestsView.swift in Sources */,
				2FC2C406291D84A600712676 /* HealthKitTestsView.swift in Sources */,
				2FC246CE2941500100F75383 /* MockAccountServiceError.swift in Sources */,
				2FC246CC29414FFA00F75383 /* MockUsernamePasswordAccountService.swift in Sources */,
				2F4530C4293FD704000A858F /* AccountTestsView.swift in Sources */,
				2F9F07E7290907C600CDC598 /* XCTest.swift in Sources */,
				2F2A354F291CCF74000E8373 /* TestAppHealthKitAdapter.swift in Sources */,
				2F9F07E5290906E200CDC598 /* SecureStorageTests.swift in Sources */,
			);
			runOnlyForDeploymentPostprocessing = 0;
		};
		2F6D13A828F5F386007C25D6 /* Sources */ = {
			isa = PBXSourcesBuildPhase;
			buildActionMask = 2147483647;
			files = (
				2F9F07F529090BA900CDC598 /* ObservableObjectComponentTests.swift in Sources */,
				2F1B82092942DE390037BC09 /* TestAppUITests.swift in Sources */,
				2F817A4C294B16A000A39983 /* ViewsTests.swift in Sources */,
				2F1B820F2942E54F0037BC09 /* XCTTestCase+HealthDataType.swift in Sources */,
				2FA04AD72943165200648A48 /* AccountResetPasswordTests.swift in Sources */,
				2F4D91772948EB33000E2D94 /* ContactsTests.swift in Sources */,
				2F9F07E2290906A200CDC598 /* SecureStorageTests.swift in Sources */,
				2FC246D62941720600F75383 /* AccountSignUpTests.swift in Sources */,
				2FC246D4294171EE00F75383 /* AccountLoginTests.swift in Sources */,
				2FB77BA52910F84D009FDDE2 /* LocalStorageTests.swift in Sources */,
				2FE122B2294247480016B162 /* XCUIApplication+TextEntry.swift in Sources */,
				2FC2C408291DCC8200712676 /* HealthKitTests.swift in Sources */,
				2FD6390C294B0A4B008BADFC /* OnboardingTests.swift in Sources */,
			);
			runOnlyForDeploymentPostprocessing = 0;
		};
/* End PBXSourcesBuildPhase section */

/* Begin PBXTargetDependency section */
		2F6D13AE28F5F386007C25D6 /* PBXTargetDependency */ = {
			isa = PBXTargetDependency;
			target = 2F6D139128F5F384007C25D6 /* TestApp */;
			targetProxy = 2F6D13AD28F5F386007C25D6 /* PBXContainerItemProxy */;
		};
/* End PBXTargetDependency section */

/* Begin XCBuildConfiguration section */
		2F6D13B428F5F386007C25D6 /* Debug */ = {
			isa = XCBuildConfiguration;
			buildSettings = {
				ALWAYS_SEARCH_USER_PATHS = NO;
				CLANG_ANALYZER_NONNULL = YES;
				CLANG_ANALYZER_NUMBER_OBJECT_CONVERSION = YES_AGGRESSIVE;
				CLANG_CXX_LANGUAGE_STANDARD = "gnu++20";
				CLANG_ENABLE_MODULES = YES;
				CLANG_ENABLE_OBJC_ARC = YES;
				CLANG_ENABLE_OBJC_WEAK = YES;
				CLANG_WARN_BLOCK_CAPTURE_AUTORELEASING = YES;
				CLANG_WARN_BOOL_CONVERSION = YES;
				CLANG_WARN_COMMA = YES;
				CLANG_WARN_CONSTANT_CONVERSION = YES;
				CLANG_WARN_DEPRECATED_OBJC_IMPLEMENTATIONS = YES;
				CLANG_WARN_DIRECT_OBJC_ISA_USAGE = YES_ERROR;
				CLANG_WARN_DOCUMENTATION_COMMENTS = YES;
				CLANG_WARN_EMPTY_BODY = YES;
				CLANG_WARN_ENUM_CONVERSION = YES;
				CLANG_WARN_INFINITE_RECURSION = YES;
				CLANG_WARN_INT_CONVERSION = YES;
				CLANG_WARN_NON_LITERAL_NULL_CONVERSION = YES;
				CLANG_WARN_OBJC_IMPLICIT_RETAIN_SELF = YES;
				CLANG_WARN_OBJC_LITERAL_CONVERSION = YES;
				CLANG_WARN_OBJC_ROOT_CLASS = YES_ERROR;
				CLANG_WARN_QUOTED_INCLUDE_IN_FRAMEWORK_HEADER = YES;
				CLANG_WARN_RANGE_LOOP_ANALYSIS = YES;
				CLANG_WARN_STRICT_PROTOTYPES = YES;
				CLANG_WARN_SUSPICIOUS_MOVE = YES;
				CLANG_WARN_UNGUARDED_AVAILABILITY = YES_AGGRESSIVE;
				CLANG_WARN_UNREACHABLE_CODE = YES;
				CLANG_WARN__DUPLICATE_METHOD_MATCH = YES;
				COPY_PHASE_STRIP = NO;
				DEBUG_INFORMATION_FORMAT = dwarf;
				ENABLE_STRICT_OBJC_MSGSEND = YES;
				ENABLE_TESTABILITY = YES;
				GCC_C_LANGUAGE_STANDARD = gnu11;
				GCC_DYNAMIC_NO_PIC = NO;
				GCC_NO_COMMON_BLOCKS = YES;
				GCC_OPTIMIZATION_LEVEL = 0;
				GCC_PREPROCESSOR_DEFINITIONS = (
					"DEBUG=1",
					"$(inherited)",
				);
				GCC_WARN_64_TO_32_BIT_CONVERSION = YES;
				GCC_WARN_ABOUT_RETURN_TYPE = YES_ERROR;
				GCC_WARN_UNDECLARED_SELECTOR = YES;
				GCC_WARN_UNINITIALIZED_AUTOS = YES_AGGRESSIVE;
				GCC_WARN_UNUSED_FUNCTION = YES;
				GCC_WARN_UNUSED_VARIABLE = YES;
				IPHONEOS_DEPLOYMENT_TARGET = 16.0;
				MTL_ENABLE_DEBUG_INFO = INCLUDE_SOURCE;
				MTL_FAST_MATH = YES;
				ONLY_ACTIVE_ARCH = YES;
				SDKROOT = iphoneos;
				SWIFT_ACTIVE_COMPILATION_CONDITIONS = DEBUG;
				SWIFT_OPTIMIZATION_LEVEL = "-Onone";
			};
			name = Debug;
		};
		2F6D13B528F5F386007C25D6 /* Release */ = {
			isa = XCBuildConfiguration;
			buildSettings = {
				ALWAYS_SEARCH_USER_PATHS = NO;
				CLANG_ANALYZER_NONNULL = YES;
				CLANG_ANALYZER_NUMBER_OBJECT_CONVERSION = YES_AGGRESSIVE;
				CLANG_CXX_LANGUAGE_STANDARD = "gnu++20";
				CLANG_ENABLE_MODULES = YES;
				CLANG_ENABLE_OBJC_ARC = YES;
				CLANG_ENABLE_OBJC_WEAK = YES;
				CLANG_WARN_BLOCK_CAPTURE_AUTORELEASING = YES;
				CLANG_WARN_BOOL_CONVERSION = YES;
				CLANG_WARN_COMMA = YES;
				CLANG_WARN_CONSTANT_CONVERSION = YES;
				CLANG_WARN_DEPRECATED_OBJC_IMPLEMENTATIONS = YES;
				CLANG_WARN_DIRECT_OBJC_ISA_USAGE = YES_ERROR;
				CLANG_WARN_DOCUMENTATION_COMMENTS = YES;
				CLANG_WARN_EMPTY_BODY = YES;
				CLANG_WARN_ENUM_CONVERSION = YES;
				CLANG_WARN_INFINITE_RECURSION = YES;
				CLANG_WARN_INT_CONVERSION = YES;
				CLANG_WARN_NON_LITERAL_NULL_CONVERSION = YES;
				CLANG_WARN_OBJC_IMPLICIT_RETAIN_SELF = YES;
				CLANG_WARN_OBJC_LITERAL_CONVERSION = YES;
				CLANG_WARN_OBJC_ROOT_CLASS = YES_ERROR;
				CLANG_WARN_QUOTED_INCLUDE_IN_FRAMEWORK_HEADER = YES;
				CLANG_WARN_RANGE_LOOP_ANALYSIS = YES;
				CLANG_WARN_STRICT_PROTOTYPES = YES;
				CLANG_WARN_SUSPICIOUS_MOVE = YES;
				CLANG_WARN_UNGUARDED_AVAILABILITY = YES_AGGRESSIVE;
				CLANG_WARN_UNREACHABLE_CODE = YES;
				CLANG_WARN__DUPLICATE_METHOD_MATCH = YES;
				COPY_PHASE_STRIP = NO;
				DEBUG_INFORMATION_FORMAT = "dwarf-with-dsym";
				ENABLE_NS_ASSERTIONS = NO;
				ENABLE_STRICT_OBJC_MSGSEND = YES;
				GCC_C_LANGUAGE_STANDARD = gnu11;
				GCC_NO_COMMON_BLOCKS = YES;
				GCC_WARN_64_TO_32_BIT_CONVERSION = YES;
				GCC_WARN_ABOUT_RETURN_TYPE = YES_ERROR;
				GCC_WARN_UNDECLARED_SELECTOR = YES;
				GCC_WARN_UNINITIALIZED_AUTOS = YES_AGGRESSIVE;
				GCC_WARN_UNUSED_FUNCTION = YES;
				GCC_WARN_UNUSED_VARIABLE = YES;
				IPHONEOS_DEPLOYMENT_TARGET = 16.0;
				MTL_ENABLE_DEBUG_INFO = NO;
				MTL_FAST_MATH = YES;
				SDKROOT = iphoneos;
				SWIFT_COMPILATION_MODE = wholemodule;
				SWIFT_OPTIMIZATION_LEVEL = "-O";
				VALIDATE_PRODUCT = YES;
			};
			name = Release;
		};
		2F6D13B728F5F386007C25D6 /* Debug */ = {
			isa = XCBuildConfiguration;
			buildSettings = {
				ASSETCATALOG_COMPILER_APPICON_NAME = AppIcon;
				ASSETCATALOG_COMPILER_GLOBAL_ACCENT_COLOR_NAME = AccentColor;
				CODE_SIGN_ENTITLEMENTS = TestApp/TestApp.entitlements;
				CODE_SIGN_STYLE = Automatic;
				CURRENT_PROJECT_VERSION = 1;
				DEVELOPMENT_ASSET_PATHS = "";
				DEVELOPMENT_TEAM = 637867499T;
				ENABLE_PREVIEWS = YES;
				ENABLE_TESTING_SEARCH_PATHS = YES;
				GENERATE_INFOPLIST_FILE = YES;
				INFOPLIST_FILE = TestApp/Info.plist;
				INFOPLIST_KEY_NSHealthShareUsageDescription = "The TestApp accesses your HealthKit data to run the tests.";
				INFOPLIST_KEY_UIApplicationSceneManifest_Generation = YES;
				INFOPLIST_KEY_UIApplicationSupportsIndirectInputEvents = YES;
				INFOPLIST_KEY_UILaunchScreen_Generation = YES;
				INFOPLIST_KEY_UISupportedInterfaceOrientations_iPad = "UIInterfaceOrientationPortrait UIInterfaceOrientationPortraitUpsideDown UIInterfaceOrientationLandscapeLeft UIInterfaceOrientationLandscapeRight";
				INFOPLIST_KEY_UISupportedInterfaceOrientations_iPhone = "UIInterfaceOrientationPortrait UIInterfaceOrientationLandscapeLeft UIInterfaceOrientationLandscapeRight";
				IPHONEOS_DEPLOYMENT_TARGET = 16.0;
				LD_RUNPATH_SEARCH_PATHS = (
					"$(inherited)",
					"@executable_path/Frameworks",
				);
				MARKETING_VERSION = 1.0;
				PRODUCT_BUNDLE_IDENTIFIER = edu.stanford.cardinalkit.testapp;
				PRODUCT_NAME = "$(TARGET_NAME)";
				SWIFT_EMIT_LOC_STRINGS = YES;
				SWIFT_STRICT_CONCURRENCY = complete;
				SWIFT_VERSION = 5.0;
				TARGETED_DEVICE_FAMILY = "1,2";
			};
			name = Debug;
		};
		2F6D13B828F5F386007C25D6 /* Release */ = {
			isa = XCBuildConfiguration;
			buildSettings = {
				ASSETCATALOG_COMPILER_APPICON_NAME = AppIcon;
				ASSETCATALOG_COMPILER_GLOBAL_ACCENT_COLOR_NAME = AccentColor;
				CODE_SIGN_ENTITLEMENTS = TestApp/TestApp.entitlements;
				CODE_SIGN_STYLE = Automatic;
				CURRENT_PROJECT_VERSION = 1;
				DEVELOPMENT_ASSET_PATHS = "";
				DEVELOPMENT_TEAM = 637867499T;
				ENABLE_PREVIEWS = YES;
				ENABLE_TESTING_SEARCH_PATHS = YES;
				GENERATE_INFOPLIST_FILE = YES;
				INFOPLIST_FILE = TestApp/Info.plist;
				INFOPLIST_KEY_NSHealthShareUsageDescription = "The TestApp accesses your HealthKit data to run the tests.";
				INFOPLIST_KEY_UIApplicationSceneManifest_Generation = YES;
				INFOPLIST_KEY_UIApplicationSupportsIndirectInputEvents = YES;
				INFOPLIST_KEY_UILaunchScreen_Generation = YES;
				INFOPLIST_KEY_UISupportedInterfaceOrientations_iPad = "UIInterfaceOrientationPortrait UIInterfaceOrientationPortraitUpsideDown UIInterfaceOrientationLandscapeLeft UIInterfaceOrientationLandscapeRight";
				INFOPLIST_KEY_UISupportedInterfaceOrientations_iPhone = "UIInterfaceOrientationPortrait UIInterfaceOrientationLandscapeLeft UIInterfaceOrientationLandscapeRight";
				IPHONEOS_DEPLOYMENT_TARGET = 16.0;
				LD_RUNPATH_SEARCH_PATHS = (
					"$(inherited)",
					"@executable_path/Frameworks",
				);
				MARKETING_VERSION = 1.0;
				PRODUCT_BUNDLE_IDENTIFIER = edu.stanford.cardinalkit.testapp;
				PRODUCT_NAME = "$(TARGET_NAME)";
				SWIFT_EMIT_LOC_STRINGS = YES;
				SWIFT_STRICT_CONCURRENCY = complete;
				SWIFT_VERSION = 5.0;
				TARGETED_DEVICE_FAMILY = "1,2";
			};
			name = Release;
		};
		2F6D13BD28F5F386007C25D6 /* Debug */ = {
			isa = XCBuildConfiguration;
			buildSettings = {
				ALWAYS_EMBED_SWIFT_STANDARD_LIBRARIES = YES;
				CODE_SIGN_STYLE = Automatic;
				CURRENT_PROJECT_VERSION = 1;
				DEVELOPMENT_TEAM = 637867499T;
				GENERATE_INFOPLIST_FILE = YES;
				MARKETING_VERSION = 1.0;
				PRODUCT_BUNDLE_IDENTIFIER = edu.stanford.cardinalkit.testappuitests;
				PRODUCT_NAME = "$(TARGET_NAME)";
				PROVISIONING_PROFILE = "";
				SWIFT_EMIT_LOC_STRINGS = NO;
				SWIFT_VERSION = 5.0;
				TARGETED_DEVICE_FAMILY = "1,2";
				TEST_TARGET_NAME = TestApp;
			};
			name = Debug;
		};
		2F6D13BE28F5F386007C25D6 /* Release */ = {
			isa = XCBuildConfiguration;
			buildSettings = {
				ALWAYS_EMBED_SWIFT_STANDARD_LIBRARIES = YES;
				CODE_SIGN_STYLE = Automatic;
				CURRENT_PROJECT_VERSION = 1;
				DEVELOPMENT_TEAM = 637867499T;
				GENERATE_INFOPLIST_FILE = YES;
				MARKETING_VERSION = 1.0;
				PRODUCT_BUNDLE_IDENTIFIER = edu.stanford.cardinalkit.testappuitests;
				PRODUCT_NAME = "$(TARGET_NAME)";
				PROVISIONING_PROFILE = "";
				SWIFT_EMIT_LOC_STRINGS = NO;
				SWIFT_VERSION = 5.0;
				TARGETED_DEVICE_FAMILY = "1,2";
				TEST_TARGET_NAME = TestApp;
			};
			name = Release;
		};
/* End XCBuildConfiguration section */

/* Begin XCConfigurationList section */
		2F6D138D28F5F384007C25D6 /* Build configuration list for PBXProject "UITests" */ = {
			isa = XCConfigurationList;
			buildConfigurations = (
				2F6D13B428F5F386007C25D6 /* Debug */,
				2F6D13B528F5F386007C25D6 /* Release */,
			);
			defaultConfigurationIsVisible = 0;
			defaultConfigurationName = Release;
		};
		2F6D13B628F5F386007C25D6 /* Build configuration list for PBXNativeTarget "TestApp" */ = {
			isa = XCConfigurationList;
			buildConfigurations = (
				2F6D13B728F5F386007C25D6 /* Debug */,
				2F6D13B828F5F386007C25D6 /* Release */,
			);
			defaultConfigurationIsVisible = 0;
			defaultConfigurationName = Release;
		};
		2F6D13BC28F5F386007C25D6 /* Build configuration list for PBXNativeTarget "TestAppUITests" */ = {
			isa = XCConfigurationList;
			buildConfigurations = (
				2F6D13BD28F5F386007C25D6 /* Debug */,
				2F6D13BE28F5F386007C25D6 /* Release */,
			);
			defaultConfigurationIsVisible = 0;
			defaultConfigurationName = Release;
		};
/* End XCConfigurationList section */

/* Begin XCSwiftPackageProductDependency section */
		2F4F0385294A66FB0062D4C7 /* Account */ = {
			isa = XCSwiftPackageProductDependency;
			productName = Account;
		};
		2F4F0387294A66FB0062D4C7 /* CardinalKit */ = {
			isa = XCSwiftPackageProductDependency;
			productName = CardinalKit;
		};
		2F4F0389294A66FB0062D4C7 /* Contact */ = {
			isa = XCSwiftPackageProductDependency;
			productName = Contact;
		};
		2F4F038B294A66FB0062D4C7 /* FHIR */ = {
			isa = XCSwiftPackageProductDependency;
			productName = FHIR;
		};
		2F4F038D294A66FB0062D4C7 /* HealthKitDataSource */ = {
			isa = XCSwiftPackageProductDependency;
			productName = HealthKitDataSource;
		};
		2F4F038F294A66FB0062D4C7 /* LocalStorage */ = {
			isa = XCSwiftPackageProductDependency;
			productName = LocalStorage;
		};
		2F4F0391294A66FB0062D4C7 /* Onboarding */ = {
			isa = XCSwiftPackageProductDependency;
			productName = Onboarding;
		};
		2F4F0393294A66FB0062D4C7 /* SecureStorage */ = {
			isa = XCSwiftPackageProductDependency;
			productName = SecureStorage;
		};
		2F4F0395294A66FB0062D4C7 /* XCTRuntimeAssertions */ = {
			isa = XCSwiftPackageProductDependency;
			productName = XCTRuntimeAssertions;
		};
		2F532EA9294CD87900A4061E /* Views */ = {
			isa = XCSwiftPackageProductDependency;
			productName = Views;
		};
		2F8CC7D7294D2B6A00358B7E /* Scheduler */ = {
			isa = XCSwiftPackageProductDependency;
			productName = Scheduler;
		};
		2FF5BB8A295430770093F0AB /* FirebaseDataStorage */ = {
			isa = XCSwiftPackageProductDependency;
			productName = FirebaseDataStorage;
		};
/* End XCSwiftPackageProductDependency section */
	};
	rootObject = 2F6D138A28F5F384007C25D6 /* Project object */;
}
